
Microsoft Visual Studio Solution File, Format Version 12.00
# Visual Studio Version 17
VisualStudioVersion = 17.6.33801.468
MinimumVisualStudioVersion = 10.0.40219.1
Project("{FAE04EC0-301F-11D3-BF4B-00C04F79EFBC}") = "Baalhyttebooking", "Baalhyttebooking\Baalhyttebooking.csproj", "{D3B0CD71-ABC6-441A-B9FB-7AB2B1D45B23}"
EndProject
Global
	GlobalSection(SolutionConfigurationPlatforms) = preSolution
		Debug|Any CPU = Debug|Any CPU
		Release|Any CPU = Release|Any CPU
	EndGlobalSection
	GlobalSection(ProjectConfigurationPlatforms) = postSolution
		{D3B0CD71-ABC6-441A-B9FB-7AB2B1D45B23}.Debug|Any CPU.ActiveCfg = Debug|Any CPU
		{D3B0CD71-ABC6-441A-B9FB-7AB2B1D45B23}.Debug|Any CPU.Build.0 = Debug|Any CPU
		{D3B0CD71-ABC6-441A-B9FB-7AB2B1D45B23}.Release|Any CPU.ActiveCfg = Release|Any CPU
		{D3B0CD71-ABC6-441A-B9FB-7AB2B1D45B23}.Release|Any CPU.Build.0 = Release|Any CPU
	EndGlobalSection
	GlobalSection(SolutionProperties) = preSolution
		HideSolutionNode = FALSE
	EndGlobalSection
	GlobalSection(ExtensibilityGlobals) = postSolution
		SolutionGuid = {C5C1561D-F2CF-4728-AEC0-2B8C5F97FDC1}
	EndGlobalSection
EndGlobal
